// !$*UTF8*$!
{
	archiveVersion = 1;
	classes = {
	};
	objectVersion = 56;
	objects = {

/* Begin PBXBuildFile section */
		2B1AD5012CD47BA9000A3181 /* HNSwiftApp.swift in Sources */ = {isa = PBXBuildFile; fileRef = 2B1AD5002CD47BA9000A3181 /* HNSwiftApp.swift */; };
		2B1AD5032CD47BA9000A3181 /* ContentView.swift in Sources */ = {isa = PBXBuildFile; fileRef = 2B1AD5022CD47BA9000A3181 /* ContentView.swift */; };
		2B1AD5052CD47BAA000A3181 /* Assets.xcassets in Resources */ = {isa = PBXBuildFile; fileRef = 2B1AD5042CD47BAA000A3181 /* Assets.xcassets */; };
		2B1AD5082CD47BAB000A3181 /* Preview Assets.xcassets in Resources */ = {isa = PBXBuildFile; fileRef = 2B1AD5072CD47BAB000A3181 /* Preview Assets.xcassets */; };
		2B1AD5122CD47BAB000A3181 /* HNSwiftTests.swift in Sources */ = {isa = PBXBuildFile; fileRef = 2B1AD5112CD47BAB000A3181 /* HNSwiftTests.swift */; };
		2B1AD51C2CD47BAB000A3181 /* HNSwiftUITests.swift in Sources */ = {isa = PBXBuildFile; fileRef = 2B1AD51B2CD47BAB000A3181 /* HNSwiftUITests.swift */; };
		2B1AD51E2CD47BAB000A3181 /* HNSwiftUITestsLaunchTests.swift in Sources */ = {isa = PBXBuildFile; fileRef = 2B1AD51D2CD47BAB000A3181 /* HNSwiftUITestsLaunchTests.swift */; };
		2B1AD52B2CD48526000A3181 /* Post.swift in Sources */ = {isa = PBXBuildFile; fileRef = 2B1AD52A2CD48526000A3181 /* Post.swift */; };
		2B1AD52D2CD4862D000A3181 /* SafariView.swift in Sources */ = {isa = PBXBuildFile; fileRef = 2B1AD52C2CD4862D000A3181 /* SafariView.swift */; };
		2B1AD52F2CD49942000A3181 /* PostService.swift in Sources */ = {isa = PBXBuildFile; fileRef = 2B1AD52E2CD49942000A3181 /* PostService.swift */; };
		2B1AD5312CD4AD11000A3181 /* PostTests.swift in Sources */ = {isa = PBXBuildFile; fileRef = 2B1AD5302CD4AD11000A3181 /* PostTests.swift */; };
		2B1AD5352CD4B1CB000A3181 /* PostServiceTest.swift in Sources */ = {isa = PBXBuildFile; fileRef = 2B1AD5342CD4B1CB000A3181 /* PostServiceTest.swift */; };
		2B1AD5372CD4B225000A3181 /* MockURLProtocol.swift in Sources */ = {isa = PBXBuildFile; fileRef = 2B1AD5362CD4B225000A3181 /* MockURLProtocol.swift */; };
		2B1AD5392CD4CFB7000A3181 /* PostItemView.swift in Sources */ = {isa = PBXBuildFile; fileRef = 2B1AD5382CD4CFB7000A3181 /* PostItemView.swift */; };
		2B1AD53B2CD4D591000A3181 /* Toast.swift in Sources */ = {isa = PBXBuildFile; fileRef = 2B1AD53A2CD4D591000A3181 /* Toast.swift */; };
		83490ADF2DD083BB007C452D /* HNFeedViewBase.swift in Sources */ = {isa = PBXBuildFile; fileRef = 83490ADE2DD083BB007C452D /* HNFeedViewBase.swift */; };
		83490AE12DD083F7007C452D /* HNFeedViewiPhone.swift in Sources */ = {isa = PBXBuildFile; fileRef = 83490AE02DD083F7007C452D /* HNFeedViewiPhone.swift */; };
		83490AE32DD08407007C452D /* HNFeedViewPad.swift in Sources */ = {isa = PBXBuildFile; fileRef = 83490AE22DD08407007C452D /* HNFeedViewPad.swift */; };
		83645D572CD67B4D0087B106 /* SettingsView.swift in Sources */ = {isa = PBXBuildFile; fileRef = 83645D562CD67B4D0087B106 /* SettingsView.swift */; };
		83645D592CD6ACF10087B106 /* UserDefaults.swift in Sources */ = {isa = PBXBuildFile; fileRef = 83645D582CD6ACF10087B106 /* UserDefaults.swift */; };
		83645D5B2CD729540087B106 /* LoadingView.swift in Sources */ = {isa = PBXBuildFile; fileRef = 83645D5A2CD729540087B106 /* LoadingView.swift */; };
		839850542D8C544900D7D77B /* HNFeedView.swift in Sources */ = {isa = PBXBuildFile; fileRef = 839850512D8C544900D7D77B /* HNFeedView.swift */; };
		8398505B2D8C54B000D7D77B /* PostSearchViewModel.swift in Sources */ = {isa = PBXBuildFile; fileRef = 839850592D8C54B000D7D77B /* PostSearchViewModel.swift */; };
		8398505D2D903E9200D7D77B /* MarkPostsView.swift in Sources */ = {isa = PBXBuildFile; fileRef = 8398505C2D903E9200D7D77B /* MarkPostsView.swift */; };
		8398505F2D905B3C00D7D77B /* BookmarkManager.swift in Sources */ = {isa = PBXBuildFile; fileRef = 8398505E2D905B3C00D7D77B /* BookmarkManager.swift */; };
		839850612D90606C00D7D77B /* ErrorView.swift in Sources */ = {isa = PBXBuildFile; fileRef = 839850602D90606C00D7D77B /* ErrorView.swift */; };
/* End PBXBuildFile section */

/* Begin PBXContainerItemProxy section */
		2B1AD50E2CD47BAB000A3181 /* PBXContainerItemProxy */ = {
			isa = PBXContainerItemProxy;
			containerPortal = 2B1AD4F52CD47BA8000A3181 /* Project object */;
			proxyType = 1;
			remoteGlobalIDString = 2B1AD4FC2CD47BA8000A3181;
			remoteInfo = HNSwift;
		};
		2B1AD5182CD47BAB000A3181 /* PBXContainerItemProxy */ = {
			isa = PBXContainerItemProxy;
			containerPortal = 2B1AD4F52CD47BA8000A3181 /* Project object */;
			proxyType = 1;
			remoteGlobalIDString = 2B1AD4FC2CD47BA8000A3181;
			remoteInfo = HNSwift;
		};
/* End PBXContainerItemProxy section */

/* Begin PBXFileReference section */
		2B1AD4FD2CD47BA9000A3181 /* HNSwift.app */ = {isa = PBXFileReference; explicitFileType = wrapper.application; includeInIndex = 0; path = HNSwift.app; sourceTree = BUILT_PRODUCTS_DIR; };
		2B1AD5002CD47BA9000A3181 /* HNSwiftApp.swift */ = {isa = PBXFileReference; lastKnownFileType = sourcecode.swift; path = HNSwiftApp.swift; sourceTree = "<group>"; };
		2B1AD5022CD47BA9000A3181 /* ContentView.swift */ = {isa = PBXFileReference; lastKnownFileType = sourcecode.swift; path = ContentView.swift; sourceTree = "<group>"; };
		2B1AD5042CD47BAA000A3181 /* Assets.xcassets */ = {isa = PBXFileReference; lastKnownFileType = folder.assetcatalog; path = Assets.xcassets; sourceTree = "<group>"; };
		2B1AD5072CD47BAB000A3181 /* Preview Assets.xcassets */ = {isa = PBXFileReference; lastKnownFileType = folder.assetcatalog; path = "Preview Assets.xcassets"; sourceTree = "<group>"; };
		2B1AD50D2CD47BAB000A3181 /* HNSwiftTests.xctest */ = {isa = PBXFileReference; explicitFileType = wrapper.cfbundle; includeInIndex = 0; path = HNSwiftTests.xctest; sourceTree = BUILT_PRODUCTS_DIR; };
		2B1AD5112CD47BAB000A3181 /* HNSwiftTests.swift */ = {isa = PBXFileReference; lastKnownFileType = sourcecode.swift; path = HNSwiftTests.swift; sourceTree = "<group>"; };
		2B1AD5172CD47BAB000A3181 /* HNSwiftUITests.xctest */ = {isa = PBXFileReference; explicitFileType = wrapper.cfbundle; includeInIndex = 0; path = HNSwiftUITests.xctest; sourceTree = BUILT_PRODUCTS_DIR; };
		2B1AD51B2CD47BAB000A3181 /* HNSwiftUITests.swift */ = {isa = PBXFileReference; lastKnownFileType = sourcecode.swift; path = HNSwiftUITests.swift; sourceTree = "<group>"; };
		2B1AD51D2CD47BAB000A3181 /* HNSwiftUITestsLaunchTests.swift */ = {isa = PBXFileReference; lastKnownFileType = sourcecode.swift; path = HNSwiftUITestsLaunchTests.swift; sourceTree = "<group>"; };
		2B1AD52A2CD48526000A3181 /* Post.swift */ = {isa = PBXFileReference; fileEncoding = 4; lastKnownFileType = sourcecode.swift; path = Post.swift; sourceTree = "<group>"; };
		2B1AD52C2CD4862D000A3181 /* SafariView.swift */ = {isa = PBXFileReference; fileEncoding = 4; lastKnownFileType = sourcecode.swift; path = SafariView.swift; sourceTree = "<group>"; };
		2B1AD52E2CD49942000A3181 /* PostService.swift */ = {isa = PBXFileReference; lastKnownFileType = sourcecode.swift; path = PostService.swift; sourceTree = "<group>"; };
		2B1AD5302CD4AD11000A3181 /* PostTests.swift */ = {isa = PBXFileReference; fileEncoding = 4; lastKnownFileType = sourcecode.swift; path = PostTests.swift; sourceTree = "<group>"; };
		2B1AD5342CD4B1CB000A3181 /* PostServiceTest.swift */ = {isa = PBXFileReference; fileEncoding = 4; lastKnownFileType = sourcecode.swift; path = PostServiceTest.swift; sourceTree = "<group>"; };
		2B1AD5362CD4B225000A3181 /* MockURLProtocol.swift */ = {isa = PBXFileReference; lastKnownFileType = sourcecode.swift; path = MockURLProtocol.swift; sourceTree = "<group>"; };
		2B1AD5382CD4CFB7000A3181 /* PostItemView.swift */ = {isa = PBXFileReference; lastKnownFileType = sourcecode.swift; path = PostItemView.swift; sourceTree = "<group>"; };
		2B1AD53A2CD4D591000A3181 /* Toast.swift */ = {isa = PBXFileReference; lastKnownFileType = sourcecode.swift; path = Toast.swift; sourceTree = "<group>"; };
		83490ADE2DD083BB007C452D /* HNFeedViewBase.swift */ = {isa = PBXFileReference; lastKnownFileType = sourcecode.swift; path = HNFeedViewBase.swift; sourceTree = "<group>"; };
		83490AE02DD083F7007C452D /* HNFeedViewiPhone.swift */ = {isa = PBXFileReference; lastKnownFileType = sourcecode.swift; path = HNFeedViewiPhone.swift; sourceTree = "<group>"; };
		83490AE22DD08407007C452D /* HNFeedViewPad.swift */ = {isa = PBXFileReference; lastKnownFileType = sourcecode.swift; path = HNFeedViewPad.swift; sourceTree = "<group>"; };
		83645D562CD67B4D0087B106 /* SettingsView.swift */ = {isa = PBXFileReference; lastKnownFileType = sourcecode.swift; path = SettingsView.swift; sourceTree = "<group>"; };
		83645D582CD6ACF10087B106 /* UserDefaults.swift */ = {isa = PBXFileReference; lastKnownFileType = sourcecode.swift; path = UserDefaults.swift; sourceTree = "<group>"; };
		83645D5A2CD729540087B106 /* LoadingView.swift */ = {isa = PBXFileReference; lastKnownFileType = sourcecode.swift; path = LoadingView.swift; sourceTree = "<group>"; };
		839850512D8C544900D7D77B /* HNFeedView.swift */ = {isa = PBXFileReference; lastKnownFileType = sourcecode.swift; path = HNFeedView.swift; sourceTree = "<group>"; };
		839850592D8C54B000D7D77B /* PostSearchViewModel.swift */ = {isa = PBXFileReference; lastKnownFileType = sourcecode.swift; path = PostSearchViewModel.swift; sourceTree = "<group>"; };
		8398505C2D903E9200D7D77B /* MarkPostsView.swift */ = {isa = PBXFileReference; lastKnownFileType = sourcecode.swift; path = MarkPostsView.swift; sourceTree = "<group>"; };
		8398505E2D905B3C00D7D77B /* BookmarkManager.swift */ = {isa = PBXFileReference; lastKnownFileType = sourcecode.swift; path = BookmarkManager.swift; sourceTree = "<group>"; };
		839850602D90606C00D7D77B /* ErrorView.swift */ = {isa = PBXFileReference; lastKnownFileType = sourcecode.swift; path = ErrorView.swift; sourceTree = "<group>"; };
/* End PBXFileReference section */

/* Begin PBXFrameworksBuildPhase section */
		2B1AD4FA2CD47BA8000A3181 /* Frameworks */ = {
			isa = PBXFrameworksBuildPhase;
			buildActionMask = 2147483647;
			files = (
			);
			runOnlyForDeploymentPostprocessing = 0;
		};
		2B1AD50A2CD47BAB000A3181 /* Frameworks */ = {
			isa = PBXFrameworksBuildPhase;
			buildActionMask = 2147483647;
			files = (
			);
			runOnlyForDeploymentPostprocessing = 0;
		};
		2B1AD5142CD47BAB000A3181 /* Frameworks */ = {
			isa = PBXFrameworksBuildPhase;
			buildActionMask = 2147483647;
			files = (
			);
			runOnlyForDeploymentPostprocessing = 0;
		};
/* End PBXFrameworksBuildPhase section */

/* Begin PBXGroup section */
		2B1AD4F42CD47BA8000A3181 = {
			isa = PBXGroup;
			children = (
				2B1AD4FF2CD47BA9000A3181 /* HNSwift */,
				2B1AD5102CD47BAB000A3181 /* HNSwiftTests */,
				2B1AD51A2CD47BAB000A3181 /* HNSwiftUITests */,
				2B1AD4FE2CD47BA9000A3181 /* Products */,
			);
			sourceTree = "<group>";
		};
		2B1AD4FE2CD47BA9000A3181 /* Products */ = {
			isa = PBXGroup;
			children = (
				2B1AD4FD2CD47BA9000A3181 /* HNSwift.app */,
				2B1AD50D2CD47BAB000A3181 /* HNSwiftTests.xctest */,
				2B1AD5172CD47BAB000A3181 /* HNSwiftUITests.xctest */,
			);
			name = Products;
			sourceTree = "<group>";
		};
		2B1AD4FF2CD47BA9000A3181 /* HNSwift */ = {
			isa = PBXGroup;
			children = (
				8398505A2D8C54B000D7D77B /* ViewModel */,
				8398504E2D8C4F5500D7D77B /* View */,
				83645D5F2CD729B70087B106 /* Config */,
				83645D5E2CD7298B0087B106 /* Model */,
				83645D5D2CD729790087B106 /* Service */,
				83645D5C2CD7296F0087B106 /* Components */,
				2B1AD5002CD47BA9000A3181 /* HNSwiftApp.swift */,
				83645D582CD6ACF10087B106 /* UserDefaults.swift */,
				2B1AD5042CD47BAA000A3181 /* Assets.xcassets */,
				2B1AD5062CD47BAB000A3181 /* Preview Content */,
			);
			path = HNSwift;
			sourceTree = "<group>";
		};
		2B1AD5062CD47BAB000A3181 /* Preview Content */ = {
			isa = PBXGroup;
			children = (
				2B1AD5072CD47BAB000A3181 /* Preview Assets.xcassets */,
			);
			path = "Preview Content";
			sourceTree = "<group>";
		};
		2B1AD5102CD47BAB000A3181 /* HNSwiftTests */ = {
			isa = PBXGroup;
			children = (
				2B1AD5342CD4B1CB000A3181 /* PostServiceTest.swift */,
				2B1AD5362CD4B225000A3181 /* MockURLProtocol.swift */,
				2B1AD5302CD4AD11000A3181 /* PostTests.swift */,
				2B1AD5112CD47BAB000A3181 /* HNSwiftTests.swift */,
			);
			path = HNSwiftTests;
			sourceTree = "<group>";
		};
		2B1AD51A2CD47BAB000A3181 /* HNSwiftUITests */ = {
			isa = PBXGroup;
			children = (
				2B1AD51B2CD47BAB000A3181 /* HNSwiftUITests.swift */,
				2B1AD51D2CD47BAB000A3181 /* HNSwiftUITestsLaunchTests.swift */,
			);
			path = HNSwiftUITests;
			sourceTree = "<group>";
		};
		83490AE42DD08C6C007C452D /* TopView */ = {
			isa = PBXGroup;
			children = (
				839850512D8C544900D7D77B /* HNFeedView.swift */,
				83490AE02DD083F7007C452D /* HNFeedViewiPhone.swift */,
				83490AE22DD08407007C452D /* HNFeedViewPad.swift */,
				83490ADE2DD083BB007C452D /* HNFeedViewBase.swift */,
			);
			path = TopView;
			sourceTree = "<group>";
		};
		83645D5C2CD7296F0087B106 /* Components */ = {
			isa = PBXGroup;
			children = (
				2B1AD5382CD4CFB7000A3181 /* PostItemView.swift */,
				83645D562CD67B4D0087B106 /* SettingsView.swift */,
				2B1AD52C2CD4862D000A3181 /* SafariView.swift */,
				2B1AD53A2CD4D591000A3181 /* Toast.swift */,
				83645D5A2CD729540087B106 /* LoadingView.swift */,
			);
			path = Components;
			sourceTree = "<group>";
		};
		83645D5D2CD729790087B106 /* Service */ = {
			isa = PBXGroup;
			children = (
				2B1AD52E2CD49942000A3181 /* PostService.swift */,
			);
			path = Service;
			sourceTree = "<group>";
		};
		83645D5E2CD7298B0087B106 /* Model */ = {
			isa = PBXGroup;
			children = (
				8398505E2D905B3C00D7D77B /* BookmarkManager.swift */,
				2B1AD52A2CD48526000A3181 /* Post.swift */,
			);
			path = Model;
			sourceTree = "<group>";
		};
		83645D5F2CD729B70087B106 /* Config */ = {
			isa = PBXGroup;
			children = (
			);
			path = Config;
			sourceTree = "<group>";
		};
		8398504E2D8C4F5500D7D77B /* View */ = {
			isa = PBXGroup;
			children = (
				83490AE42DD08C6C007C452D /* TopView */,
				2B1AD5022CD47BA9000A3181 /* ContentView.swift */,
				8398505C2D903E9200D7D77B /* MarkPostsView.swift */,
				839850602D90606C00D7D77B /* ErrorView.swift */,
			);
			path = View;
			sourceTree = "<group>";
		};
		8398505A2D8C54B000D7D77B /* ViewModel */ = {
			isa = PBXGroup;
			children = (
				839850592D8C54B000D7D77B /* PostSearchViewModel.swift */,
			);
			path = ViewModel;
			sourceTree = "<group>";
		};
/* End PBXGroup section */

/* Begin PBXNativeTarget section */
		2B1AD4FC2CD47BA8000A3181 /* HNSwift */ = {
			isa = PBXNativeTarget;
			buildConfigurationList = 2B1AD5212CD47BAB000A3181 /* Build configuration list for PBXNativeTarget "HNSwift" */;
			buildPhases = (
				2B1AD4F92CD47BA8000A3181 /* Sources */,
				2B1AD4FA2CD47BA8000A3181 /* Frameworks */,
				2B1AD4FB2CD47BA8000A3181 /* Resources */,
			);
			buildRules = (
			);
			dependencies = (
			);
			name = HNSwift;
			productName = HNSwift;
			productReference = 2B1AD4FD2CD47BA9000A3181 /* HNSwift.app */;
			productType = "com.apple.product-type.application";
		};
		2B1AD50C2CD47BAB000A3181 /* HNSwiftTests */ = {
			isa = PBXNativeTarget;
			buildConfigurationList = 2B1AD5242CD47BAB000A3181 /* Build configuration list for PBXNativeTarget "HNSwiftTests" */;
			buildPhases = (
				2B1AD5092CD47BAB000A3181 /* Sources */,
				2B1AD50A2CD47BAB000A3181 /* Frameworks */,
				2B1AD50B2CD47BAB000A3181 /* Resources */,
			);
			buildRules = (
			);
			dependencies = (
				2B1AD50F2CD47BAB000A3181 /* PBXTargetDependency */,
			);
			name = HNSwiftTests;
			productName = HNSwiftTests;
			productReference = 2B1AD50D2CD47BAB000A3181 /* HNSwiftTests.xctest */;
			productType = "com.apple.product-type.bundle.unit-test";
		};
		2B1AD5162CD47BAB000A3181 /* HNSwiftUITests */ = {
			isa = PBXNativeTarget;
			buildConfigurationList = 2B1AD5272CD47BAB000A3181 /* Build configuration list for PBXNativeTarget "HNSwiftUITests" */;
			buildPhases = (
				2B1AD5132CD47BAB000A3181 /* Sources */,
				2B1AD5142CD47BAB000A3181 /* Frameworks */,
				2B1AD5152CD47BAB000A3181 /* Resources */,
			);
			buildRules = (
			);
			dependencies = (
				2B1AD5192CD47BAB000A3181 /* PBXTargetDependency */,
			);
			name = HNSwiftUITests;
			productName = HNSwiftUITests;
			productReference = 2B1AD5172CD47BAB000A3181 /* HNSwiftUITests.xctest */;
			productType = "com.apple.product-type.bundle.ui-testing";
		};
/* End PBXNativeTarget section */

/* Begin PBXProject section */
		2B1AD4F52CD47BA8000A3181 /* Project object */ = {
			isa = PBXProject;
			attributes = {
				BuildIndependentTargetsInParallel = 1;
				LastSwiftUpdateCheck = 1510;
				LastUpgradeCheck = 1600;
				TargetAttributes = {
					2B1AD4FC2CD47BA8000A3181 = {
						CreatedOnToolsVersion = 15.1;
					};
					2B1AD50C2CD47BAB000A3181 = {
						CreatedOnToolsVersion = 15.1;
						TestTargetID = 2B1AD4FC2CD47BA8000A3181;
					};
					2B1AD5162CD47BAB000A3181 = {
						CreatedOnToolsVersion = 15.1;
						TestTargetID = 2B1AD4FC2CD47BA8000A3181;
					};
				};
			};
			buildConfigurationList = 2B1AD4F82CD47BA8000A3181 /* Build configuration list for PBXProject "HNSwift" */;
			compatibilityVersion = "Xcode 14.0";
			developmentRegion = en;
			hasScannedForEncodings = 0;
			knownRegions = (
				en,
				Base,
			);
			mainGroup = 2B1AD4F42CD47BA8000A3181;
			productRefGroup = 2B1AD4FE2CD47BA9000A3181 /* Products */;
			projectDirPath = "";
			projectRoot = "";
			targets = (
				2B1AD4FC2CD47BA8000A3181 /* HNSwift */,
				2B1AD50C2CD47BAB000A3181 /* HNSwiftTests */,
				2B1AD5162CD47BAB000A3181 /* HNSwiftUITests */,
			);
		};
/* End PBXProject section */

/* Begin PBXResourcesBuildPhase section */
		2B1AD4FB2CD47BA8000A3181 /* Resources */ = {
			isa = PBXResourcesBuildPhase;
			buildActionMask = 2147483647;
			files = (
				2B1AD5082CD47BAB000A3181 /* Preview Assets.xcassets in Resources */,
				2B1AD5052CD47BAA000A3181 /* Assets.xcassets in Resources */,
			);
			runOnlyForDeploymentPostprocessing = 0;
		};
		2B1AD50B2CD47BAB000A3181 /* Resources */ = {
			isa = PBXResourcesBuildPhase;
			buildActionMask = 2147483647;
			files = (
			);
			runOnlyForDeploymentPostprocessing = 0;
		};
		2B1AD5152CD47BAB000A3181 /* Resources */ = {
			isa = PBXResourcesBuildPhase;
			buildActionMask = 2147483647;
			files = (
			);
			runOnlyForDeploymentPostprocessing = 0;
		};
/* End PBXResourcesBuildPhase section */

/* Begin PBXSourcesBuildPhase section */
		2B1AD4F92CD47BA8000A3181 /* Sources */ = {
			isa = PBXSourcesBuildPhase;
			buildActionMask = 2147483647;
			files = (
				2B1AD52F2CD49942000A3181 /* PostService.swift in Sources */,
				83490AE12DD083F7007C452D /* HNFeedViewiPhone.swift in Sources */,
				83490ADF2DD083BB007C452D /* HNFeedViewBase.swift in Sources */,
				83645D572CD67B4D0087B106 /* SettingsView.swift in Sources */,
				8398505F2D905B3C00D7D77B /* BookmarkManager.swift in Sources */,
				2B1AD5392CD4CFB7000A3181 /* PostItemView.swift in Sources */,
				83645D5B2CD729540087B106 /* LoadingView.swift in Sources */,
				83490AE32DD08407007C452D /* HNFeedViewPad.swift in Sources */,
				8398505D2D903E9200D7D77B /* MarkPostsView.swift in Sources */,
				2B1AD52D2CD4862D000A3181 /* SafariView.swift in Sources */,
				2B1AD52B2CD48526000A3181 /* Post.swift in Sources */,
				83645D592CD6ACF10087B106 /* UserDefaults.swift in Sources */,
				2B1AD5032CD47BA9000A3181 /* ContentView.swift in Sources */,
				839850542D8C544900D7D77B /* HNFeedView.swift in Sources */,
				2B1AD5012CD47BA9000A3181 /* HNSwiftApp.swift in Sources */,
				8398505B2D8C54B000D7D77B /* PostSearchViewModel.swift in Sources */,
				2B1AD53B2CD4D591000A3181 /* Toast.swift in Sources */,
				839850612D90606C00D7D77B /* ErrorView.swift in Sources */,
			);
			runOnlyForDeploymentPostprocessing = 0;
		};
		2B1AD5092CD47BAB000A3181 /* Sources */ = {
			isa = PBXSourcesBuildPhase;
			buildActionMask = 2147483647;
			files = (
				2B1AD5122CD47BAB000A3181 /* HNSwiftTests.swift in Sources */,
				2B1AD5312CD4AD11000A3181 /* PostTests.swift in Sources */,
				2B1AD5352CD4B1CB000A3181 /* PostServiceTest.swift in Sources */,
				2B1AD5372CD4B225000A3181 /* MockURLProtocol.swift in Sources */,
			);
			runOnlyForDeploymentPostprocessing = 0;
		};
		2B1AD5132CD47BAB000A3181 /* Sources */ = {
			isa = PBXSourcesBuildPhase;
			buildActionMask = 2147483647;
			files = (
				2B1AD51E2CD47BAB000A3181 /* HNSwiftUITestsLaunchTests.swift in Sources */,
				2B1AD51C2CD47BAB000A3181 /* HNSwiftUITests.swift in Sources */,
			);
			runOnlyForDeploymentPostprocessing = 0;
		};
/* End PBXSourcesBuildPhase section */

/* Begin PBXTargetDependency section */
		2B1AD50F2CD47BAB000A3181 /* PBXTargetDependency */ = {
			isa = PBXTargetDependency;
			target = 2B1AD4FC2CD47BA8000A3181 /* HNSwift */;
			targetProxy = 2B1AD50E2CD47BAB000A3181 /* PBXContainerItemProxy */;
		};
		2B1AD5192CD47BAB000A3181 /* PBXTargetDependency */ = {
			isa = PBXTargetDependency;
			target = 2B1AD4FC2CD47BA8000A3181 /* HNSwift */;
			targetProxy = 2B1AD5182CD47BAB000A3181 /* PBXContainerItemProxy */;
		};
/* End PBXTargetDependency section */

/* Begin XCBuildConfiguration section */
		2B1AD51F2CD47BAB000A3181 /* Debug */ = {
			isa = XCBuildConfiguration;
			buildSettings = {
				ALWAYS_SEARCH_USER_PATHS = NO;
				ASSETCATALOG_COMPILER_GENERATE_SWIFT_ASSET_SYMBOL_EXTENSIONS = YES;
				CLANG_ANALYZER_NONNULL = YES;
				CLANG_ANALYZER_NUMBER_OBJECT_CONVERSION = YES_AGGRESSIVE;
				CLANG_CXX_LANGUAGE_STANDARD = "gnu++20";
				CLANG_ENABLE_MODULES = YES;
				CLANG_ENABLE_OBJC_ARC = YES;
				CLANG_ENABLE_OBJC_WEAK = YES;
				CLANG_WARN_BLOCK_CAPTURE_AUTORELEASING = YES;
				CLANG_WARN_BOOL_CONVERSION = YES;
				CLANG_WARN_COMMA = YES;
				CLANG_WARN_CONSTANT_CONVERSION = YES;
				CLANG_WARN_DEPRECATED_OBJC_IMPLEMENTATIONS = YES;
				CLANG_WARN_DIRECT_OBJC_ISA_USAGE = YES_ERROR;
				CLANG_WARN_DOCUMENTATION_COMMENTS = YES;
				CLANG_WARN_EMPTY_BODY = YES;
				CLANG_WARN_ENUM_CONVERSION = YES;
				CLANG_WARN_INFINITE_RECURSION = YES;
				CLANG_WARN_INT_CONVERSION = YES;
				CLANG_WARN_NON_LITERAL_NULL_CONVERSION = YES;
				CLANG_WARN_OBJC_IMPLICIT_RETAIN_SELF = YES;
				CLANG_WARN_OBJC_LITERAL_CONVERSION = YES;
				CLANG_WARN_OBJC_ROOT_CLASS = YES_ERROR;
				CLANG_WARN_QUOTED_INCLUDE_IN_FRAMEWORK_HEADER = YES;
				CLANG_WARN_RANGE_LOOP_ANALYSIS = YES;
				CLANG_WARN_STRICT_PROTOTYPES = YES;
				CLANG_WARN_SUSPICIOUS_MOVE = YES;
				CLANG_WARN_UNGUARDED_AVAILABILITY = YES_AGGRESSIVE;
				CLANG_WARN_UNREACHABLE_CODE = YES;
				CLANG_WARN__DUPLICATE_METHOD_MATCH = YES;
				COPY_PHASE_STRIP = NO;
				DEBUG_INFORMATION_FORMAT = dwarf;
				ENABLE_STRICT_OBJC_MSGSEND = YES;
				ENABLE_TESTABILITY = YES;
				ENABLE_USER_SCRIPT_SANDBOXING = YES;
				GCC_C_LANGUAGE_STANDARD = gnu17;
				GCC_DYNAMIC_NO_PIC = NO;
				GCC_NO_COMMON_BLOCKS = YES;
				GCC_OPTIMIZATION_LEVEL = 0;
				GCC_PREPROCESSOR_DEFINITIONS = (
					"DEBUG=1",
					"$(inherited)",
				);
				GCC_WARN_64_TO_32_BIT_CONVERSION = YES;
				GCC_WARN_ABOUT_RETURN_TYPE = YES_ERROR;
				GCC_WARN_UNDECLARED_SELECTOR = YES;
				GCC_WARN_UNINITIALIZED_AUTOS = YES_AGGRESSIVE;
				GCC_WARN_UNUSED_FUNCTION = YES;
				GCC_WARN_UNUSED_VARIABLE = YES;
				IPHONEOS_DEPLOYMENT_TARGET = 17.2;
				LOCALIZATION_PREFERS_STRING_CATALOGS = YES;
				MTL_ENABLE_DEBUG_INFO = INCLUDE_SOURCE;
				MTL_FAST_MATH = YES;
				ONLY_ACTIVE_ARCH = YES;
				SDKROOT = iphoneos;
				SWIFT_ACTIVE_COMPILATION_CONDITIONS = "DEBUG $(inherited)";
				SWIFT_OPTIMIZATION_LEVEL = "-Onone";
			};
			name = Debug;
		};
		2B1AD5202CD47BAB000A3181 /* Release */ = {
			isa = XCBuildConfiguration;
			buildSettings = {
				ALWAYS_SEARCH_USER_PATHS = NO;
				ASSETCATALOG_COMPILER_GENERATE_SWIFT_ASSET_SYMBOL_EXTENSIONS = YES;
				CLANG_ANALYZER_NONNULL = YES;
				CLANG_ANALYZER_NUMBER_OBJECT_CONVERSION = YES_AGGRESSIVE;
				CLANG_CXX_LANGUAGE_STANDARD = "gnu++20";
				CLANG_ENABLE_MODULES = YES;
				CLANG_ENABLE_OBJC_ARC = YES;
				CLANG_ENABLE_OBJC_WEAK = YES;
				CLANG_WARN_BLOCK_CAPTURE_AUTORELEASING = YES;
				CLANG_WARN_BOOL_CONVERSION = YES;
				CLANG_WARN_COMMA = YES;
				CLANG_WARN_CONSTANT_CONVERSION = YES;
				CLANG_WARN_DEPRECATED_OBJC_IMPLEMENTATIONS = YES;
				CLANG_WARN_DIRECT_OBJC_ISA_USAGE = YES_ERROR;
				CLANG_WARN_DOCUMENTATION_COMMENTS = YES;
				CLANG_WARN_EMPTY_BODY = YES;
				CLANG_WARN_ENUM_CONVERSION = YES;
				CLANG_WARN_INFINITE_RECURSION = YES;
				CLANG_WARN_INT_CONVERSION = YES;
				CLANG_WARN_NON_LITERAL_NULL_CONVERSION = YES;
				CLANG_WARN_OBJC_IMPLICIT_RETAIN_SELF = YES;
				CLANG_WARN_OBJC_LITERAL_CONVERSION = YES;
				CLANG_WARN_OBJC_ROOT_CLASS = YES_ERROR;
				CLANG_WARN_QUOTED_INCLUDE_IN_FRAMEWORK_HEADER = YES;
				CLANG_WARN_RANGE_LOOP_ANALYSIS = YES;
				CLANG_WARN_STRICT_PROTOTYPES = YES;
				CLANG_WARN_SUSPICIOUS_MOVE = YES;
				CLANG_WARN_UNGUARDED_AVAILABILITY = YES_AGGRESSIVE;
				CLANG_WARN_UNREACHABLE_CODE = YES;
				CLANG_WARN__DUPLICATE_METHOD_MATCH = YES;
				COPY_PHASE_STRIP = NO;
				DEBUG_INFORMATION_FORMAT = "dwarf-with-dsym";
				ENABLE_NS_ASSERTIONS = NO;
				ENABLE_STRICT_OBJC_MSGSEND = YES;
				ENABLE_USER_SCRIPT_SANDBOXING = YES;
				GCC_C_LANGUAGE_STANDARD = gnu17;
				GCC_NO_COMMON_BLOCKS = YES;
				GCC_WARN_64_TO_32_BIT_CONVERSION = YES;
				GCC_WARN_ABOUT_RETURN_TYPE = YES_ERROR;
				GCC_WARN_UNDECLARED_SELECTOR = YES;
				GCC_WARN_UNINITIALIZED_AUTOS = YES_AGGRESSIVE;
				GCC_WARN_UNUSED_FUNCTION = YES;
				GCC_WARN_UNUSED_VARIABLE = YES;
				IPHONEOS_DEPLOYMENT_TARGET = 17.2;
				LOCALIZATION_PREFERS_STRING_CATALOGS = YES;
				MTL_ENABLE_DEBUG_INFO = NO;
				MTL_FAST_MATH = YES;
				SDKROOT = iphoneos;
				SWIFT_COMPILATION_MODE = wholemodule;
				VALIDATE_PRODUCT = YES;
			};
			name = Release;
		};
		2B1AD5222CD47BAB000A3181 /* Debug */ = {
			isa = XCBuildConfiguration;
			buildSettings = {
				ASSETCATALOG_COMPILER_APPICON_NAME = AppIcon;
				ASSETCATALOG_COMPILER_GLOBAL_ACCENT_COLOR_NAME = AccentColor;
				CODE_SIGN_STYLE = Automatic;
				CURRENT_PROJECT_VERSION = 1;
				DEVELOPMENT_ASSET_PATHS = "\"HNSwift/Preview Content\"";
				DEVELOPMENT_TEAM = BF34NS2WN8;
				ENABLE_PREVIEWS = YES;
				GENERATE_INFOPLIST_FILE = YES;
				INFOPLIST_KEY_UIApplicationSceneManifest_Generation = YES;
				INFOPLIST_KEY_UIApplicationSupportsIndirectInputEvents = YES;
				INFOPLIST_KEY_UILaunchScreen_Generation = YES;
				INFOPLIST_KEY_UISupportedInterfaceOrientations_iPad = "UIInterfaceOrientationPortrait UIInterfaceOrientationPortraitUpsideDown UIInterfaceOrientationLandscapeLeft UIInterfaceOrientationLandscapeRight";
				INFOPLIST_KEY_UISupportedInterfaceOrientations_iPhone = "UIInterfaceOrientationPortrait UIInterfaceOrientationLandscapeLeft UIInterfaceOrientationLandscapeRight";
				LD_RUNPATH_SEARCH_PATHS = (
					"$(inherited)",
					"@executable_path/Frameworks",
				);
				MARKETING_VERSION = 1.0;
				PRODUCT_BUNDLE_IDENTIFIER = com.chris.dev.HNSwift;
				PRODUCT_NAME = "$(TARGET_NAME)";
				SWIFT_EMIT_LOC_STRINGS = YES;
				SWIFT_VERSION = 5.0;
				TARGETED_DEVICE_FAMILY = "1,2";
			};
			name = Debug;
		};
		2B1AD5232CD47BAB000A3181 /* Release */ = {
			isa = XCBuildConfiguration;
			buildSettings = {
				ASSETCATALOG_COMPILER_APPICON_NAME = AppIcon;
				ASSETCATALOG_COMPILER_GLOBAL_ACCENT_COLOR_NAME = AccentColor;
				CODE_SIGN_STYLE = Automatic;
				CURRENT_PROJECT_VERSION = 1;
				DEVELOPMENT_ASSET_PATHS = "\"HNSwift/Preview Content\"";
				DEVELOPMENT_TEAM = BF34NS2WN8;
				ENABLE_PREVIEWS = YES;
				GENERATE_INFOPLIST_FILE = YES;
				INFOPLIST_KEY_UIApplicationSceneManifest_Generation = YES;
				INFOPLIST_KEY_UIApplicationSupportsIndirectInputEvents = YES;
				INFOPLIST_KEY_UILaunchScreen_Generation = YES;
				INFOPLIST_KEY_UISupportedInterfaceOrientations_iPad = "UIInterfaceOrientationPortrait UIInterfaceOrientationPortraitUpsideDown UIInterfaceOrientationLandscapeLeft UIInterfaceOrientationLandscapeRight";
				INFOPLIST_KEY_UISupportedInterfaceOrientations_iPhone = "UIInterfaceOrientationPortrait UIInterfaceOrientationLandscapeLeft UIInterfaceOrientationLandscapeRight";
				LD_RUNPATH_SEARCH_PATHS = (
					"$(inherited)",
					"@executable_path/Frameworks",
				);
				MARKETING_VERSION = 1.0;
				PRODUCT_BUNDLE_IDENTIFIER = com.chris.dev.HNSwift;
				PRODUCT_NAME = "$(TARGET_NAME)";
				SWIFT_EMIT_LOC_STRINGS = YES;
				SWIFT_VERSION = 5.0;
				TARGETED_DEVICE_FAMILY = "1,2";
			};
			name = Release;
		};
		2B1AD5252CD47BAB000A3181 /* Debug */ = {
			isa = XCBuildConfiguration;
			buildSettings = {
				BUNDLE_LOADER = "$(TEST_HOST)";
				CODE_SIGN_STYLE = Automatic;
				CURRENT_PROJECT_VERSION = 1;
				DEVELOPMENT_TEAM = BF34NS2WN8;
				GENERATE_INFOPLIST_FILE = YES;
				IPHONEOS_DEPLOYMENT_TARGET = 17.2;
				MARKETING_VERSION = 1.0;
				PRODUCT_BUNDLE_IDENTIFIER = com.chris.dev.HNSwiftTests;
				PRODUCT_NAME = "$(TARGET_NAME)";
				SWIFT_EMIT_LOC_STRINGS = NO;
				SWIFT_VERSION = 5.0;
				TARGETED_DEVICE_FAMILY = "1,2";
				TEST_HOST = "$(BUILT_PRODUCTS_DIR)/HNSwift.app/$(BUNDLE_EXECUTABLE_FOLDER_PATH)/HNSwift";
			};
			name = Debug;
		};
		2B1AD5262CD47BAB000A3181 /* Release */ = {
			isa = XCBuildConfiguration;
			buildSettings = {
				BUNDLE_LOADER = "$(TEST_HOST)";
				CODE_SIGN_STYLE = Automatic;
				CURRENT_PROJECT_VERSION = 1;
				DEVELOPMENT_TEAM = BF34NS2WN8;
				GENERATE_INFOPLIST_FILE = YES;
				IPHONEOS_DEPLOYMENT_TARGET = 17.2;
				MARKETING_VERSION = 1.0;
				PRODUCT_BUNDLE_IDENTIFIER = com.chris.dev.HNSwiftTests;
				PRODUCT_NAME = "$(TARGET_NAME)";
				SWIFT_EMIT_LOC_STRINGS = NO;
				SWIFT_VERSION = 5.0;
				TARGETED_DEVICE_FAMILY = "1,2";
				TEST_HOST = "$(BUILT_PRODUCTS_DIR)/HNSwift.app/$(BUNDLE_EXECUTABLE_FOLDER_PATH)/HNSwift";
			};
			name = Release;
		};
		2B1AD5282CD47BAB000A3181 /* Debug */ = {
			isa = XCBuildConfiguration;
			buildSettings = {
				CODE_SIGN_STYLE = Automatic;
				CURRENT_PROJECT_VERSION = 1;
				DEVELOPMENT_TEAM = BF34NS2WN8;
				GENERATE_INFOPLIST_FILE = YES;
				MARKETING_VERSION = 1.0;
				PRODUCT_BUNDLE_IDENTIFIER = com.chris.dev.HNSwiftUITests;
				PRODUCT_NAME = "$(TARGET_NAME)";
				SWIFT_EMIT_LOC_STRINGS = NO;
				SWIFT_VERSION = 5.0;
				TARGETED_DEVICE_FAMILY = "1,2";
				TEST_TARGET_NAME = HNSwift;
			};
			name = Debug;
		};
		2B1AD5292CD47BAB000A3181 /* Release */ = {
			isa = XCBuildConfiguration;
			buildSettings = {
				CODE_SIGN_STYLE = Automatic;
				CURRENT_PROJECT_VERSION = 1;
				DEVELOPMENT_TEAM = BF34NS2WN8;
				GENERATE_INFOPLIST_FILE = YES;
				MARKETING_VERSION = 1.0;
				PRODUCT_BUNDLE_IDENTIFIER = com.chris.dev.HNSwiftUITests;
				PRODUCT_NAME = "$(TARGET_NAME)";
				SWIFT_EMIT_LOC_STRINGS = NO;
				SWIFT_VERSION = 5.0;
				TARGETED_DEVICE_FAMILY = "1,2";
				TEST_TARGET_NAME = HNSwift;
			};
			name = Release;
		};
/* End XCBuildConfiguration section */

/* Begin XCConfigurationList section */
		2B1AD4F82CD47BA8000A3181 /* Build configuration list for PBXProject "HNSwift" */ = {
			isa = XCConfigurationList;
			buildConfigurations = (
				2B1AD51F2CD47BAB000A3181 /* Debug */,
				2B1AD5202CD47BAB000A3181 /* Release */,
			);
			defaultConfigurationIsVisible = 0;
			defaultConfigurationName = Release;
		};
		2B1AD5212CD47BAB000A3181 /* Build configuration list for PBXNativeTarget "HNSwift" */ = {
			isa = XCConfigurationList;
			buildConfigurations = (
				2B1AD5222CD47BAB000A3181 /* Debug */,
				2B1AD5232CD47BAB000A3181 /* Release */,
			);
			defaultConfigurationIsVisible = 0;
			defaultConfigurationName = Release;
		};
		2B1AD5242CD47BAB000A3181 /* Build configuration list for PBXNativeTarget "HNSwiftTests" */ = {
			isa = XCConfigurationList;
			buildConfigurations = (
				2B1AD5252CD47BAB000A3181 /* Debug */,
				2B1AD5262CD47BAB000A3181 /* Release */,
			);
			defaultConfigurationIsVisible = 0;
			defaultConfigurationName = Release;
		};
		2B1AD5272CD47BAB000A3181 /* Build configuration list for PBXNativeTarget "HNSwiftUITests" */ = {
			isa = XCConfigurationList;
			buildConfigurations = (
				2B1AD5282CD47BAB000A3181 /* Debug */,
				2B1AD5292CD47BAB000A3181 /* Release */,
			);
			defaultConfigurationIsVisible = 0;
			defaultConfigurationName = Release;
		};
/* End XCConfigurationList section */
	};
	rootObject = 2B1AD4F52CD47BA8000A3181 /* Project object */;
}
